
Microsoft Visual Studio Solution File, Format Version 12.00
# Visual Studio Version 17
VisualStudioVersion = 17.11.35219.272
MinimumVisualStudioVersion = 10.0.40219.1
Project("{9A19103F-16F7-4668-BE54-9A1E7A4F7556}") = "StringNumbersCalculator", "StringNumbersCalculator\StringNumbersCalculator.csproj", "{5A12D826-56EC-44A8-A345-446A9B9F7E7D}"
EndProject
Project("{FAE04EC0-301F-11D3-BF4B-00C04F79EFBC}") = "StringCalculatorTests", "StringCalculatorTests\StringCalculatorTests.csproj", "{0518BED5-A056-449C-8D85-41C3C885D8AD}"
EndProject
Global
	GlobalSection(SolutionConfigurationPlatforms) = preSolution
		Debug|Any CPU = Debug|Any CPU
		Release|Any CPU = Release|Any CPU
	EndGlobalSection
	GlobalSection(ProjectConfigurationPlatforms) = postSolution
		{5A12D826-56EC-44A8-A345-446A9B9F7E7D}.Debug|Any CPU.ActiveCfg = Debug|Any CPU
		{5A12D826-56EC-44A8-A345-446A9B9F7E7D}.Debug|Any CPU.Build.0 = Debug|Any CPU
		{5A12D826-56EC-44A8-A345-446A9B9F7E7D}.Release|Any CPU.ActiveCfg = Release|Any CPU
		{5A12D826-56EC-44A8-A345-446A9B9F7E7D}.Release|Any CPU.Build.0 = Release|Any CPU
		{0518BED5-A056-449C-8D85-41C3C885D8AD}.Debug|Any CPU.ActiveCfg = Debug|Any CPU
		{0518BED5-A056-449C-8D85-41C3C885D8AD}.Debug|Any CPU.Build.0 = Debug|Any CPU
		{0518BED5-A056-449C-8D85-41C3C885D8AD}.Release|Any CPU.ActiveCfg = Release|Any CPU
		{0518BED5-A056-449C-8D85-41C3C885D8AD}.Release|Any CPU.Build.0 = Release|Any CPU
	EndGlobalSection
	GlobalSection(SolutionProperties) = preSolution
		HideSolutionNode = FALSE
	EndGlobalSection
	GlobalSection(ExtensibilityGlobals) = postSolution
		SolutionGuid = {ECA2130C-2791-4ACD-81F8-277873D07103}
	EndGlobalSection
EndGlobal
